
Microsoft Visual Studio Solution File, Format Version 12.00
# Visual Studio Version 17
VisualStudioVersion = 17.9.34607.119
MinimumVisualStudioVersion = 10.0.40219.1
Project("{8BC9CEB8-8B4A-11D0-8D11-00A0C91BC942}") = "QuickSort_0086", "QuickSort_0086\QuickSort_0086.vcxproj", "{69A72BAB-9297-4A13-9A01-0BC021A92625}"
EndProject
Global
	GlobalSection(SolutionConfigurationPlatforms) = preSolution
		Debug|x64 = Debug|x64
		Debug|x86 = Debug|x86
		Release|x64 = Release|x64
		Release|x86 = Release|x86
	EndGlobalSection
	GlobalSection(ProjectConfigurationPlatforms) = postSolution
		{69A72BAB-9297-4A13-9A01-0BC021A92625}.Debug|x64.ActiveCfg = Debug|x64
		{69A72BAB-9297-4A13-9A01-0BC021A92625}.Debug|x64.Build.0 = Debug|x64
		{69A72BAB-9297-4A13-9A01-0BC021A92625}.Debug|x86.ActiveCfg = Debug|Win32
		{69A72BAB-9297-4A13-9A01-0BC021A92625}.Debug|x86.Build.0 = Debug|Win32
		{69A72BAB-9297-4A13-9A01-0BC021A92625}.Release|x64.ActiveCfg = Release|x64
		{69A72BAB-9297-4A13-9A01-0BC021A92625}.Release|x64.Build.0 = Release|x64
		{69A72BAB-9297-4A13-9A01-0BC021A92625}.Release|x86.ActiveCfg = Release|Win32
		{69A72BAB-9297-4A13-9A01-0BC021A92625}.Release|x86.Build.0 = Release|Win32
	EndGlobalSection
	GlobalSection(SolutionProperties) = preSolution
		HideSolutionNode = FALSE
	EndGlobalSection
	GlobalSection(ExtensibilityGlobals) = postSolution
		SolutionGuid = {A802B637-4679-4074-AE45-28205DE4655F}
	EndGlobalSection
EndGlobal
